
Microsoft Visual Studio Solution File, Format Version 12.00
# Visual Studio Version 16
VisualStudioVersion = 16.0.30114.105
MinimumVisualStudioVersion = 10.0.40219.1
Project("{FAE04EC0-301F-11D3-BF4B-00C04F79EFBC}") = "AuthServer.Api", "AuthServer.Api\AuthServer.Api.csproj", "{B9DDF7EC-4C40-4BA4-9F4A-11D26AC797B6}"
EndProject
Project("{FAE04EC0-301F-11D3-BF4B-00C04F79EFBC}") = "AuthServer.Api.Tests", "AuthServer.Api.Tests\AuthServer.Api.Tests.csproj", "{CE48FCE5-BE1E-46D5-8E44-AF6B1B030949}"
EndProject
Project("{FAE04EC0-301F-11D3-BF4B-00C04F79EFBC}") = "AuthServer.Shared", "AuthServer.Shared\AuthServer.Shared.csproj", "{756FC910-0527-485A-B0CC-7FF301610239}"
EndProject
Global
	GlobalSection(SolutionConfigurationPlatforms) = preSolution
		Debug|Any CPU = Debug|Any CPU
		Release|Any CPU = Release|Any CPU
	EndGlobalSection
	GlobalSection(SolutionProperties) = preSolution
		HideSolutionNode = FALSE
	EndGlobalSection
	GlobalSection(ProjectConfigurationPlatforms) = postSolution
		{B9DDF7EC-4C40-4BA4-9F4A-11D26AC797B6}.Debug|Any CPU.ActiveCfg = Debug|Any CPU
		{B9DDF7EC-4C40-4BA4-9F4A-11D26AC797B6}.Debug|Any CPU.Build.0 = Debug|Any CPU
		{B9DDF7EC-4C40-4BA4-9F4A-11D26AC797B6}.Release|Any CPU.ActiveCfg = Release|Any CPU
		{B9DDF7EC-4C40-4BA4-9F4A-11D26AC797B6}.Release|Any CPU.Build.0 = Release|Any CPU
		{CE48FCE5-BE1E-46D5-8E44-AF6B1B030949}.Debug|Any CPU.ActiveCfg = Debug|Any CPU
		{CE48FCE5-BE1E-46D5-8E44-AF6B1B030949}.Debug|Any CPU.Build.0 = Debug|Any CPU
		{CE48FCE5-BE1E-46D5-8E44-AF6B1B030949}.Release|Any CPU.ActiveCfg = Release|Any CPU
		{CE48FCE5-BE1E-46D5-8E44-AF6B1B030949}.Release|Any CPU.Build.0 = Release|Any CPU
		{756FC910-0527-485A-B0CC-7FF301610239}.Debug|Any CPU.ActiveCfg = Debug|Any CPU
		{756FC910-0527-485A-B0CC-7FF301610239}.Debug|Any CPU.Build.0 = Debug|Any CPU
		{756FC910-0527-485A-B0CC-7FF301610239}.Release|Any CPU.ActiveCfg = Release|Any CPU
		{756FC910-0527-485A-B0CC-7FF301610239}.Release|Any CPU.Build.0 = Release|Any CPU
	EndGlobalSection
EndGlobal
